
Microsoft Visual Studio Solution File, Format Version 12.00
# Visual Studio Version 16
VisualStudioVersion = 16.0.30011.22
MinimumVisualStudioVersion = 10.0.40219.1
Project("{FAE04EC0-301F-11D3-BF4B-00C04F79EFBC}") = "web", "web\web.csproj", "{4B7714E9-5DC9-46FE-9A91-839D22BB9323}"
EndProject
Global
	GlobalSection(SolutionConfigurationPlatforms) = preSolution
		Debug|Any CPU = Debug|Any CPU
		Release|Any CPU = Release|Any CPU
	EndGlobalSection
	GlobalSection(ProjectConfigurationPlatforms) = postSolution
		{4B7714E9-5DC9-46FE-9A91-839D22BB9323}.Debug|Any CPU.ActiveCfg = Debug|Any CPU
		{4B7714E9-5DC9-46FE-9A91-839D22BB9323}.Debug|Any CPU.Build.0 = Debug|Any CPU
		{4B7714E9-5DC9-46FE-9A91-839D22BB9323}.Release|Any CPU.ActiveCfg = Release|Any CPU
		{4B7714E9-5DC9-46FE-9A91-839D22BB9323}.Release|Any CPU.Build.0 = Release|Any CPU
	EndGlobalSection
	GlobalSection(SolutionProperties) = preSolution
		HideSolutionNode = FALSE
	EndGlobalSection
	GlobalSection(ExtensibilityGlobals) = postSolution
		SolutionGuid = {6C527264-C4E0-403F-A8B7-C5E3CD2501EE}
	EndGlobalSection
EndGlobal
